
Microsoft Visual Studio Solution File, Format Version 12.00
# Visual Studio Version 18
VisualStudioVersion = 18.0.11205.157
MinimumVisualStudioVersion = 10.0.40219.1
Project("{FAE04EC0-301F-11D3-BF4B-00C04F79EFBC}") = "bonsai", "bonsai\bonsai.csproj", "{A48EE8DE-036C-48D5-A5D0-AD50FB1A7897}"
EndProject
Project("{FAE04EC0-301F-11D3-BF4B-00C04F79EFBC}") = "clui", "clui\clui.csproj", "{CCE049E9-1785-4CA8-80C7-842640D38826}"
EndProject
Project("{FAE04EC0-301F-11D3-BF4B-00C04F79EFBC}") = "consoleTools", "consoleTools\consoleTools.csproj", "{D5C10A64-C549-4B3C-9C8B-F97DA386CE11}"
EndProject
Project("{2150E333-8FDC-42A3-9474-1A3956D46DE8}") = "Solution Items", "Solution Items", "{2F742BD8-30AB-4CD2-950F-5CF55BE484B6}"
	ProjectSection(SolutionItems) = preProject
		.editorconfig = .editorconfig
		Directory.Build.props = Directory.Build.props
		README.md = README.md
	EndProjectSection
EndProject
Project("{9A19103F-16F7-4668-BE54-9A1E7A4F7556}") = "_build", "build\_build.csproj", "{CA936E7F-B48E-4295-AA18-50763515C609}"
EndProject
Project("{FAE04EC0-301F-11D3-BF4B-00C04F79EFBC}") = "Tests", "Tests\Tests.csproj", "{88EA5E7B-079E-4BEC-AE62-48612BBBF707}"
EndProject
Project("{FAE04EC0-301F-11D3-BF4B-00C04F79EFBC}") = "consoleToolsTestApp", "consoleToolsTestApp\consoleToolsTestApp.csproj", "{E346625D-14C0-44A5-98E7-DCD2033F2A03}"
EndProject
Project("{FAE04EC0-301F-11D3-BF4B-00C04F79EFBC}") = "cluiGenerator", "cluiGenerator\cluiGenerator.csproj", "{F5282C04-DC07-421D-8DB2-18A871A3AD76}"
EndProject
Global
	GlobalSection(SolutionConfigurationPlatforms) = preSolution
		Debug|Any CPU = Debug|Any CPU
		Release|Any CPU = Release|Any CPU
	EndGlobalSection
	GlobalSection(ProjectConfigurationPlatforms) = postSolution
		{A48EE8DE-036C-48D5-A5D0-AD50FB1A7897}.Debug|Any CPU.ActiveCfg = Debug|Any CPU
		{A48EE8DE-036C-48D5-A5D0-AD50FB1A7897}.Debug|Any CPU.Build.0 = Debug|Any CPU
		{A48EE8DE-036C-48D5-A5D0-AD50FB1A7897}.Release|Any CPU.ActiveCfg = Release|Any CPU
		{A48EE8DE-036C-48D5-A5D0-AD50FB1A7897}.Release|Any CPU.Build.0 = Release|Any CPU
		{CCE049E9-1785-4CA8-80C7-842640D38826}.Debug|Any CPU.ActiveCfg = Debug|Any CPU
		{CCE049E9-1785-4CA8-80C7-842640D38826}.Debug|Any CPU.Build.0 = Debug|Any CPU
		{CCE049E9-1785-4CA8-80C7-842640D38826}.Release|Any CPU.ActiveCfg = Release|Any CPU
		{CCE049E9-1785-4CA8-80C7-842640D38826}.Release|Any CPU.Build.0 = Release|Any CPU
		{D5C10A64-C549-4B3C-9C8B-F97DA386CE11}.Debug|Any CPU.ActiveCfg = Debug|Any CPU
		{D5C10A64-C549-4B3C-9C8B-F97DA386CE11}.Debug|Any CPU.Build.0 = Debug|Any CPU
		{D5C10A64-C549-4B3C-9C8B-F97DA386CE11}.Release|Any CPU.ActiveCfg = Release|Any CPU
		{D5C10A64-C549-4B3C-9C8B-F97DA386CE11}.Release|Any CPU.Build.0 = Release|Any CPU
		{CA936E7F-B48E-4295-AA18-50763515C609}.Debug|Any CPU.ActiveCfg = Debug|Any CPU
		{CA936E7F-B48E-4295-AA18-50763515C609}.Release|Any CPU.ActiveCfg = Release|Any CPU
		{88EA5E7B-079E-4BEC-AE62-48612BBBF707}.Debug|Any CPU.ActiveCfg = Debug|Any CPU
		{88EA5E7B-079E-4BEC-AE62-48612BBBF707}.Debug|Any CPU.Build.0 = Debug|Any CPU
		{88EA5E7B-079E-4BEC-AE62-48612BBBF707}.Release|Any CPU.ActiveCfg = Release|Any CPU
		{88EA5E7B-079E-4BEC-AE62-48612BBBF707}.Release|Any CPU.Build.0 = Release|Any CPU
		{E346625D-14C0-44A5-98E7-DCD2033F2A03}.Debug|Any CPU.ActiveCfg = Debug|Any CPU
		{E346625D-14C0-44A5-98E7-DCD2033F2A03}.Debug|Any CPU.Build.0 = Debug|Any CPU
		{E346625D-14C0-44A5-98E7-DCD2033F2A03}.Release|Any CPU.ActiveCfg = Release|Any CPU
		{E346625D-14C0-44A5-98E7-DCD2033F2A03}.Release|Any CPU.Build.0 = Release|Any CPU
		{F5282C04-DC07-421D-8DB2-18A871A3AD76}.Debug|Any CPU.ActiveCfg = Debug|Any CPU
		{F5282C04-DC07-421D-8DB2-18A871A3AD76}.Debug|Any CPU.Build.0 = Debug|Any CPU
		{F5282C04-DC07-421D-8DB2-18A871A3AD76}.Release|Any CPU.ActiveCfg = Release|Any CPU
		{F5282C04-DC07-421D-8DB2-18A871A3AD76}.Release|Any CPU.Build.0 = Release|Any CPU
	EndGlobalSection
	GlobalSection(SolutionProperties) = preSolution
		HideSolutionNode = FALSE
	EndGlobalSection
EndGlobal
